// !$*UTF8*$!
{
	archiveVersion = 1;
	classes = {
	};
	objectVersion = 50;
	objects = {

/* Begin PBXBuildFile section */
		1520702329DB921C0034E7DE /* ResupplyDaySummary.swift in Sources */ = {isa = PBXBuildFile; fileRef = 1520702229DB921C0034E7DE /* ResupplyDaySummary.swift */; };
		1536E7AF29B06D1A00010988 /* JSONEncoder.swift in Sources */ = {isa = PBXBuildFile; fileRef = 1536E7AE29B06D1A00010988 /* JSONEncoder.swift */; };
		1536E7B129B06EC100010988 /* JSONDecoder.swift in Sources */ = {isa = PBXBuildFile; fileRef = 1536E7B029B06EC100010988 /* JSONDecoder.swift */; };
		1536E7B329B0773200010988 /* OpenFoodFactsAPI.swift in Sources */ = {isa = PBXBuildFile; fileRef = 1536E7B229B0773200010988 /* OpenFoodFactsAPI.swift */; };
		1536E7B529B07D0000010988 /* Bundle.swift in Sources */ = {isa = PBXBuildFile; fileRef = 1536E7B429B07D0000010988 /* Bundle.swift */; };
		1536E7B729B11C6C00010988 /* Duration.swift in Sources */ = {isa = PBXBuildFile; fileRef = 1536E7B629B11C6C00010988 /* Duration.swift */; };
		1536E7BB29B12BEB00010988 /* PaginatedProducts.swift in Sources */ = {isa = PBXBuildFile; fileRef = 1536E7BA29B12BEB00010988 /* PaginatedProducts.swift */; };
		1536E7BD29B1921900010988 /* URLRequest.swift in Sources */ = {isa = PBXBuildFile; fileRef = 1536E7BC29B1921900010988 /* URLRequest.swift */; };
		1536E7BF29B1B30000010988 /* FileDataStore.swift in Sources */ = {isa = PBXBuildFile; fileRef = 1536E7BE29B1B30000010988 /* FileDataStore.swift */; };
		1536E7C129B1B32B00010988 /* Resupply.swift in Sources */ = {isa = PBXBuildFile; fileRef = 1536E7C029B1B32B00010988 /* Resupply.swift */; };
		1536E7C429B1BCFB00010988 /* DataStore.swift in Sources */ = {isa = PBXBuildFile; fileRef = 1536E7C329B1BCFB00010988 /* DataStore.swift */; };
		1536E7C629B1C04F00010988 /* Products.swift in Sources */ = {isa = PBXBuildFile; fileRef = 1536E7C529B1C04F00010988 /* Products.swift */; };
		15385A7429AE5B96008DA5A1 /* SceneDelegate.swift in Sources */ = {isa = PBXBuildFile; fileRef = 15385A7329AE5B96008DA5A1 /* SceneDelegate.swift */; };
		15385A7829AE6100008DA5A1 /* ResupplyView.swift in Sources */ = {isa = PBXBuildFile; fileRef = 15385A7729AE6100008DA5A1 /* ResupplyView.swift */; };
		15385A7F29AE6E9F008DA5A1 /* FoodViewModel.swift in Sources */ = {isa = PBXBuildFile; fileRef = 15385A7E29AE6E9F008DA5A1 /* FoodViewModel.swift */; };
		15385A8329AE714C008DA5A1 /* FoodCalculator.swift in Sources */ = {isa = PBXBuildFile; fileRef = 15385A8229AE714C008DA5A1 /* FoodCalculator.swift */; };
		15385A8729AE8894008DA5A1 /* CoordinatorView.swift in Sources */ = {isa = PBXBuildFile; fileRef = 15385A8629AE8894008DA5A1 /* CoordinatorView.swift */; };
		15385A8929AE8B81008DA5A1 /* ResupplySummaryView.swift in Sources */ = {isa = PBXBuildFile; fileRef = 15385A8829AE8B81008DA5A1 /* ResupplySummaryView.swift */; };
		15385A8B29AE8BC6008DA5A1 /* ResupplyItemView.swift in Sources */ = {isa = PBXBuildFile; fileRef = 15385A8A29AE8BC6008DA5A1 /* ResupplyItemView.swift */; };
		15385A8E29AEC76C008DA5A1 /* NumberFormatter.swift in Sources */ = {isa = PBXBuildFile; fileRef = 15385A8D29AEC76C008DA5A1 /* NumberFormatter.swift */; };
		15385A9029AEC8B7008DA5A1 /* AddFoodView.swift in Sources */ = {isa = PBXBuildFile; fileRef = 15385A8F29AEC8B7008DA5A1 /* AddFoodView.swift */; };
		15385A9529AF8E2C008DA5A1 /* BarcodeScannerView.swift in Sources */ = {isa = PBXBuildFile; fileRef = 15385A9429AF8E2C008DA5A1 /* BarcodeScannerView.swift */; };
		15385A9829AFA66E008DA5A1 /* BarcodeButtonPrompt.swift in Sources */ = {isa = PBXBuildFile; fileRef = 15385A9729AFA66E008DA5A1 /* BarcodeButtonPrompt.swift */; };
		15385A9A29AFEB15008DA5A1 /* View.swift in Sources */ = {isa = PBXBuildFile; fileRef = 15385A9929AFEB15008DA5A1 /* View.swift */; };
		15532CC329CDEFA400CF1B28 /* NSError.swift in Sources */ = {isa = PBXBuildFile; fileRef = 15532CC229CDEFA400CF1B28 /* NSError.swift */; };
		1563A2562A003BE300B72687 /* MultiSelectFoodView.swift in Sources */ = {isa = PBXBuildFile; fileRef = 1563A2552A003BE300B72687 /* MultiSelectFoodView.swift */; };
		15A0D9A329B7A51E0089D8CF /* DummyDataStore.swift in Sources */ = {isa = PBXBuildFile; fileRef = 15A0D9A229B7A51E0089D8CF /* DummyDataStore.swift */; };
		15A45BFA29DB64AB001693C3 /* FloatingTextField.swift in Sources */ = {isa = PBXBuildFile; fileRef = 15A45BF929DB64AB001693C3 /* FloatingTextField.swift */; };
		15B21B4B2A02D6D200BE11C1 /* FileManager.swift in Sources */ = {isa = PBXBuildFile; fileRef = 15B21B4A2A02D6D200BE11C1 /* FileManager.swift */; };
		15B21B4E2A02E18900BE11C1 /* Assets.xcassets in Resources */ = {isa = PBXBuildFile; fileRef = 15B21B4D2A02E18900BE11C1 /* Assets.xcassets */; };
		15B21B502A02E1A600BE11C1 /* DebugMenuView.swift in Sources */ = {isa = PBXBuildFile; fileRef = 15B21B4F2A02E1A600BE11C1 /* DebugMenuView.swift */; };
		15D2A1DB29B92B960053F496 /* ResupplyViewModel.swift in Sources */ = {isa = PBXBuildFile; fileRef = 15D2A1DA29B92B960053F496 /* ResupplyViewModel.swift */; };
		15D2A1DD29C656CE0053F496 /* Color.swift in Sources */ = {isa = PBXBuildFile; fileRef = 15D2A1DC29C656CE0053F496 /* Color.swift */; };
		15D2A1E529C888DD0053F496 /* DenseTests.swift in Sources */ = {isa = PBXBuildFile; fileRef = 15D2A1E429C888DD0053F496 /* DenseTests.swift */; };
		15D2A1EC29C8ABB50053F496 /* StringAdaptable.swift in Sources */ = {isa = PBXBuildFile; fileRef = 15D2A1EB29C8ABB50053F496 /* StringAdaptable.swift */; };
		15D2A1EF29C8C1950053F496 /* DoubleAdaptable.swift in Sources */ = {isa = PBXBuildFile; fileRef = 15D2A1EE29C8C1950053F496 /* DoubleAdaptable.swift */; };
		15D3EE6F230FD97900F97FA6 /* AppDelegate.swift in Sources */ = {isa = PBXBuildFile; fileRef = 15D3EE6E230FD97900F97FA6 /* AppDelegate.swift */; };
		15D3EE7B230FD97B00F97FA6 /* LaunchScreen.storyboard in Resources */ = {isa = PBXBuildFile; fileRef = 15D3EE79230FD97B00F97FA6 /* LaunchScreen.storyboard */; };
		15D7356629DB515D0071D3FE /* Colors.swift in Sources */ = {isa = PBXBuildFile; fileRef = 15D7356529DB515D0071D3FE /* Colors.swift */; };
/* End PBXBuildFile section */

/* Begin PBXContainerItemProxy section */
		15D2A1E629C888DD0053F496 /* PBXContainerItemProxy */ = {
			isa = PBXContainerItemProxy;
			containerPortal = 15D3EE63230FD97900F97FA6 /* Project object */;
			proxyType = 1;
			remoteGlobalIDString = 15D3EE6A230FD97900F97FA6;
			remoteInfo = Dense;
		};
/* End PBXContainerItemProxy section */

/* Begin PBXFileReference section */
		1520702229DB921C0034E7DE /* ResupplyDaySummary.swift */ = {isa = PBXFileReference; lastKnownFileType = sourcecode.swift; path = ResupplyDaySummary.swift; sourceTree = "<group>"; };
		1536E7AE29B06D1A00010988 /* JSONEncoder.swift */ = {isa = PBXFileReference; lastKnownFileType = sourcecode.swift; path = JSONEncoder.swift; sourceTree = "<group>"; };
		1536E7B029B06EC100010988 /* JSONDecoder.swift */ = {isa = PBXFileReference; lastKnownFileType = sourcecode.swift; path = JSONDecoder.swift; sourceTree = "<group>"; };
		1536E7B229B0773200010988 /* OpenFoodFactsAPI.swift */ = {isa = PBXFileReference; lastKnownFileType = sourcecode.swift; path = OpenFoodFactsAPI.swift; sourceTree = "<group>"; };
		1536E7B429B07D0000010988 /* Bundle.swift */ = {isa = PBXFileReference; lastKnownFileType = sourcecode.swift; path = Bundle.swift; sourceTree = "<group>"; };
		1536E7B629B11C6C00010988 /* Duration.swift */ = {isa = PBXFileReference; lastKnownFileType = sourcecode.swift; path = Duration.swift; sourceTree = "<group>"; };
		1536E7BA29B12BEB00010988 /* PaginatedProducts.swift */ = {isa = PBXFileReference; lastKnownFileType = sourcecode.swift; path = PaginatedProducts.swift; sourceTree = "<group>"; };
		1536E7BC29B1921900010988 /* URLRequest.swift */ = {isa = PBXFileReference; lastKnownFileType = sourcecode.swift; path = URLRequest.swift; sourceTree = "<group>"; };
		1536E7BE29B1B30000010988 /* FileDataStore.swift */ = {isa = PBXFileReference; lastKnownFileType = sourcecode.swift; path = FileDataStore.swift; sourceTree = "<group>"; };
		1536E7C029B1B32B00010988 /* Resupply.swift */ = {isa = PBXFileReference; lastKnownFileType = sourcecode.swift; path = Resupply.swift; sourceTree = "<group>"; };
		1536E7C329B1BCFB00010988 /* DataStore.swift */ = {isa = PBXFileReference; lastKnownFileType = sourcecode.swift; path = DataStore.swift; sourceTree = "<group>"; };
		1536E7C529B1C04F00010988 /* Products.swift */ = {isa = PBXFileReference; lastKnownFileType = sourcecode.swift; path = Products.swift; sourceTree = "<group>"; };
		15385A7329AE5B96008DA5A1 /* SceneDelegate.swift */ = {isa = PBXFileReference; lastKnownFileType = sourcecode.swift; path = SceneDelegate.swift; sourceTree = "<group>"; };
		15385A7729AE6100008DA5A1 /* ResupplyView.swift */ = {isa = PBXFileReference; lastKnownFileType = sourcecode.swift; path = ResupplyView.swift; sourceTree = "<group>"; };
		15385A7E29AE6E9F008DA5A1 /* FoodViewModel.swift */ = {isa = PBXFileReference; lastKnownFileType = sourcecode.swift; path = FoodViewModel.swift; sourceTree = "<group>"; };
		15385A8229AE714C008DA5A1 /* FoodCalculator.swift */ = {isa = PBXFileReference; lastKnownFileType = sourcecode.swift; path = FoodCalculator.swift; sourceTree = "<group>"; };
		15385A8629AE8894008DA5A1 /* CoordinatorView.swift */ = {isa = PBXFileReference; lastKnownFileType = sourcecode.swift; path = CoordinatorView.swift; sourceTree = "<group>"; };
		15385A8829AE8B81008DA5A1 /* ResupplySummaryView.swift */ = {isa = PBXFileReference; lastKnownFileType = sourcecode.swift; path = ResupplySummaryView.swift; sourceTree = "<group>"; };
		15385A8A29AE8BC6008DA5A1 /* ResupplyItemView.swift */ = {isa = PBXFileReference; lastKnownFileType = sourcecode.swift; path = ResupplyItemView.swift; sourceTree = "<group>"; };
		15385A8D29AEC76C008DA5A1 /* NumberFormatter.swift */ = {isa = PBXFileReference; lastKnownFileType = sourcecode.swift; path = NumberFormatter.swift; sourceTree = "<group>"; };
		15385A8F29AEC8B7008DA5A1 /* AddFoodView.swift */ = {isa = PBXFileReference; lastKnownFileType = sourcecode.swift; path = AddFoodView.swift; sourceTree = "<group>"; };
		15385A9429AF8E2C008DA5A1 /* BarcodeScannerView.swift */ = {isa = PBXFileReference; lastKnownFileType = sourcecode.swift; path = BarcodeScannerView.swift; sourceTree = "<group>"; };
		15385A9729AFA66E008DA5A1 /* BarcodeButtonPrompt.swift */ = {isa = PBXFileReference; lastKnownFileType = sourcecode.swift; path = BarcodeButtonPrompt.swift; sourceTree = "<group>"; };
		15385A9929AFEB15008DA5A1 /* View.swift */ = {isa = PBXFileReference; lastKnownFileType = sourcecode.swift; path = View.swift; sourceTree = "<group>"; };
		15532CC229CDEFA400CF1B28 /* NSError.swift */ = {isa = PBXFileReference; lastKnownFileType = sourcecode.swift; path = NSError.swift; sourceTree = "<group>"; };
		1563A2552A003BE300B72687 /* MultiSelectFoodView.swift */ = {isa = PBXFileReference; lastKnownFileType = sourcecode.swift; path = MultiSelectFoodView.swift; sourceTree = "<group>"; };
		15A0D9A229B7A51E0089D8CF /* DummyDataStore.swift */ = {isa = PBXFileReference; lastKnownFileType = sourcecode.swift; path = DummyDataStore.swift; sourceTree = "<group>"; };
		15A45BF929DB64AB001693C3 /* FloatingTextField.swift */ = {isa = PBXFileReference; lastKnownFileType = sourcecode.swift; path = FloatingTextField.swift; sourceTree = "<group>"; };
		15B21B4A2A02D6D200BE11C1 /* FileManager.swift */ = {isa = PBXFileReference; lastKnownFileType = sourcecode.swift; path = FileManager.swift; sourceTree = "<group>"; };
		15B21B4D2A02E18900BE11C1 /* Assets.xcassets */ = {isa = PBXFileReference; lastKnownFileType = folder.assetcatalog; path = Assets.xcassets; sourceTree = "<group>"; };
		15B21B4F2A02E1A600BE11C1 /* DebugMenuView.swift */ = {isa = PBXFileReference; lastKnownFileType = sourcecode.swift; path = DebugMenuView.swift; sourceTree = "<group>"; };
		15D2A1DA29B92B960053F496 /* ResupplyViewModel.swift */ = {isa = PBXFileReference; lastKnownFileType = sourcecode.swift; path = ResupplyViewModel.swift; sourceTree = "<group>"; };
		15D2A1DC29C656CE0053F496 /* Color.swift */ = {isa = PBXFileReference; lastKnownFileType = sourcecode.swift; path = Color.swift; sourceTree = "<group>"; };
		15D2A1E229C888DD0053F496 /* DenseTests.xctest */ = {isa = PBXFileReference; explicitFileType = wrapper.cfbundle; includeInIndex = 0; path = DenseTests.xctest; sourceTree = BUILT_PRODUCTS_DIR; };
		15D2A1E429C888DD0053F496 /* DenseTests.swift */ = {isa = PBXFileReference; lastKnownFileType = sourcecode.swift; path = DenseTests.swift; sourceTree = "<group>"; };
		15D2A1EB29C8ABB50053F496 /* StringAdaptable.swift */ = {isa = PBXFileReference; lastKnownFileType = sourcecode.swift; path = StringAdaptable.swift; sourceTree = "<group>"; };
		15D2A1EE29C8C1950053F496 /* DoubleAdaptable.swift */ = {isa = PBXFileReference; lastKnownFileType = sourcecode.swift; path = DoubleAdaptable.swift; sourceTree = "<group>"; };
		15D3EE6B230FD97900F97FA6 /* Dense.app */ = {isa = PBXFileReference; explicitFileType = wrapper.application; includeInIndex = 0; path = Dense.app; sourceTree = BUILT_PRODUCTS_DIR; };
		15D3EE6E230FD97900F97FA6 /* AppDelegate.swift */ = {isa = PBXFileReference; lastKnownFileType = sourcecode.swift; path = AppDelegate.swift; sourceTree = "<group>"; };
		15D3EE7A230FD97B00F97FA6 /* Base */ = {isa = PBXFileReference; lastKnownFileType = file.storyboard; name = Base; path = Base.lproj/LaunchScreen.storyboard; sourceTree = "<group>"; };
		15D3EE7C230FD97B00F97FA6 /* Info.plist */ = {isa = PBXFileReference; lastKnownFileType = text.plist.xml; path = Info.plist; sourceTree = "<group>"; };
		15D7356529DB515D0071D3FE /* Colors.swift */ = {isa = PBXFileReference; lastKnownFileType = sourcecode.swift; path = Colors.swift; sourceTree = "<group>"; };
/* End PBXFileReference section */

/* Begin PBXFrameworksBuildPhase section */
		15D2A1DF29C888DD0053F496 /* Frameworks */ = {
			isa = PBXFrameworksBuildPhase;
			buildActionMask = 2147483647;
			files = (
			);
			runOnlyForDeploymentPostprocessing = 0;
		};
		15D3EE68230FD97900F97FA6 /* Frameworks */ = {
			isa = PBXFrameworksBuildPhase;
			buildActionMask = 2147483647;
			files = (
			);
			runOnlyForDeploymentPostprocessing = 0;
		};
/* End PBXFrameworksBuildPhase section */

/* Begin PBXGroup section */
		1520702429DB9F870034E7DE /* SummaryViews */ = {
			isa = PBXGroup;
			children = (
				15385A8829AE8B81008DA5A1 /* ResupplySummaryView.swift */,
				1520702229DB921C0034E7DE /* ResupplyDaySummary.swift */,
			);
			path = SummaryViews;
			sourceTree = "<group>";
		};
		1520702529DB9F920034E7DE /* ListViews */ = {
			isa = PBXGroup;
			children = (
				15385A7729AE6100008DA5A1 /* ResupplyView.swift */,
				15385A8A29AE8BC6008DA5A1 /* ResupplyItemView.swift */,
			);
			path = ListViews;
			sourceTree = "<group>";
		};
		1536E7B829B12B7D00010988 /* StartupDelegates */ = {
			isa = PBXGroup;
			children = (
				15D3EE6E230FD97900F97FA6 /* AppDelegate.swift */,
				15385A7329AE5B96008DA5A1 /* SceneDelegate.swift */,
			);
			path = StartupDelegates;
			sourceTree = "<group>";
		};
		1536E7B929B12BCD00010988 /* OpenFoodFactsAPI */ = {
			isa = PBXGroup;
			children = (
				1536E7B229B0773200010988 /* OpenFoodFactsAPI.swift */,
				1536E7BA29B12BEB00010988 /* PaginatedProducts.swift */,
			);
			path = OpenFoodFactsAPI;
			sourceTree = "<group>";
		};
		1536E7C229B1BCE200010988 /* Networking */ = {
			isa = PBXGroup;
			children = (
				1536E7B929B12BCD00010988 /* OpenFoodFactsAPI */,
			);
			path = Networking;
			sourceTree = "<group>";
		};
		15385A7529AE60C8008DA5A1 /* Resupply */ = {
			isa = PBXGroup;
			children = (
				1520702529DB9F920034E7DE /* ListViews */,
				1520702429DB9F870034E7DE /* SummaryViews */,
				15D2A1DA29B92B960053F496 /* ResupplyViewModel.swift */,
				15385A7E29AE6E9F008DA5A1 /* FoodViewModel.swift */,
				1536E7C029B1B32B00010988 /* Resupply.swift */,
				15385A8229AE714C008DA5A1 /* FoodCalculator.swift */,
			);
			path = Resupply;
			sourceTree = "<group>";
		};
		15385A7929AE62B0008DA5A1 /* Navigation */ = {
			isa = PBXGroup;
			children = (
				15385A8629AE8894008DA5A1 /* CoordinatorView.swift */,
			);
			path = Navigation;
			sourceTree = "<group>";
		};
		15385A7D29AE6E70008DA5A1 /* DataStore */ = {
			isa = PBXGroup;
			children = (
				1536E7C329B1BCFB00010988 /* DataStore.swift */,
				1536E7BE29B1B30000010988 /* FileDataStore.swift */,
				15A0D9A229B7A51E0089D8CF /* DummyDataStore.swift */,
			);
			path = DataStore;
			sourceTree = "<group>";
		};
		15385A8C29AEC75F008DA5A1 /* Extensions */ = {
			isa = PBXGroup;
			children = (
				15385A8D29AEC76C008DA5A1 /* NumberFormatter.swift */,
				15385A9929AFEB15008DA5A1 /* View.swift */,
				1536E7AE29B06D1A00010988 /* JSONEncoder.swift */,
				1536E7B029B06EC100010988 /* JSONDecoder.swift */,
				1536E7B429B07D0000010988 /* Bundle.swift */,
				1536E7B629B11C6C00010988 /* Duration.swift */,
				1536E7BC29B1921900010988 /* URLRequest.swift */,
				15D2A1DC29C656CE0053F496 /* Color.swift */,
				15532CC229CDEFA400CF1B28 /* NSError.swift */,
				15B21B4A2A02D6D200BE11C1 /* FileManager.swift */,
			);
			path = Extensions;
			sourceTree = "<group>";
		};
		15385A9329AF8DA6008DA5A1 /* BarcodeScanner */ = {
			isa = PBXGroup;
			children = (
				15385A9429AF8E2C008DA5A1 /* BarcodeScannerView.swift */,
				15385A9729AFA66E008DA5A1 /* BarcodeButtonPrompt.swift */,
			);
			path = BarcodeScanner;
			sourceTree = "<group>";
		};
		15385A9629AF8E61008DA5A1 /* Products */ = {
			isa = PBXGroup;
			children = (
				15385A8F29AEC8B7008DA5A1 /* AddFoodView.swift */,
				1563A2552A003BE300B72687 /* MultiSelectFoodView.swift */,
				1536E7C529B1C04F00010988 /* Products.swift */,
			);
			path = Products;
			sourceTree = "<group>";
		};
		15B21B4C2A02E0DA00BE11C1 /* Debug Menu */ = {
			isa = PBXGroup;
			children = (
				15B21B4F2A02E1A600BE11C1 /* DebugMenuView.swift */,
			);
			path = "Debug Menu";
			sourceTree = "<group>";
		};
		15D2A1E329C888DD0053F496 /* DenseTests */ = {
			isa = PBXGroup;
			children = (
				15D2A1E429C888DD0053F496 /* DenseTests.swift */,
			);
			path = DenseTests;
			sourceTree = "<group>";
		};
		15D2A1ED29C8AECE0053F496 /* Utilities */ = {
			isa = PBXGroup;
			children = (
				15D7356529DB515D0071D3FE /* Colors.swift */,
				15D2A1EB29C8ABB50053F496 /* StringAdaptable.swift */,
				15D2A1EE29C8C1950053F496 /* DoubleAdaptable.swift */,
				15A45BF929DB64AB001693C3 /* FloatingTextField.swift */,
			);
			path = Utilities;
			sourceTree = "<group>";
		};
		15D3EE62230FD97900F97FA6 = {
			isa = PBXGroup;
			children = (
				15D3EE6D230FD97900F97FA6 /* Dense */,
				15D2A1E329C888DD0053F496 /* DenseTests */,
				15D3EE6C230FD97900F97FA6 /* Products */,
			);
			sourceTree = "<group>";
		};
		15D3EE6C230FD97900F97FA6 /* Products */ = {
			isa = PBXGroup;
			children = (
				15D3EE6B230FD97900F97FA6 /* Dense.app */,
				15D2A1E229C888DD0053F496 /* DenseTests.xctest */,
			);
			name = Products;
			sourceTree = "<group>";
		};
		15D3EE6D230FD97900F97FA6 /* Dense */ = {
			isa = PBXGroup;
			children = (
				15D2A1ED29C8AECE0053F496 /* Utilities */,
				1536E7B829B12B7D00010988 /* StartupDelegates */,
				15385A8C29AEC75F008DA5A1 /* Extensions */,
				1536E7C229B1BCE200010988 /* Networking */,
				15385A7D29AE6E70008DA5A1 /* DataStore */,
				15385A7929AE62B0008DA5A1 /* Navigation */,
				15385A9329AF8DA6008DA5A1 /* BarcodeScanner */,
				15385A9629AF8E61008DA5A1 /* Products */,
				15385A7529AE60C8008DA5A1 /* Resupply */,
				15B21B4C2A02E0DA00BE11C1 /* Debug Menu */,
				15B21B4D2A02E18900BE11C1 /* Assets.xcassets */,
				15D3EE79230FD97B00F97FA6 /* LaunchScreen.storyboard */,
				15D3EE7C230FD97B00F97FA6 /* Info.plist */,
			);
			path = Dense;
			sourceTree = "<group>";
		};
/* End PBXGroup section */

/* Begin PBXNativeTarget section */
		15D2A1E129C888DD0053F496 /* DenseTests */ = {
			isa = PBXNativeTarget;
			buildConfigurationList = 15D2A1E829C888DD0053F496 /* Build configuration list for PBXNativeTarget "DenseTests" */;
			buildPhases = (
				15D2A1DE29C888DD0053F496 /* Sources */,
				15D2A1DF29C888DD0053F496 /* Frameworks */,
				15D2A1E029C888DD0053F496 /* Resources */,
			);
			buildRules = (
			);
			dependencies = (
				15D2A1E729C888DD0053F496 /* PBXTargetDependency */,
			);
			name = DenseTests;
			productName = DenseTests;
			productReference = 15D2A1E229C888DD0053F496 /* DenseTests.xctest */;
			productType = "com.apple.product-type.bundle.unit-test";
		};
		15D3EE6A230FD97900F97FA6 /* Dense */ = {
			isa = PBXNativeTarget;
			buildConfigurationList = 15D3EE7F230FD97B00F97FA6 /* Build configuration list for PBXNativeTarget "Dense" */;
			buildPhases = (
				15D3EE67230FD97900F97FA6 /* Sources */,
				15D3EE68230FD97900F97FA6 /* Frameworks */,
				15D3EE69230FD97900F97FA6 /* Resources */,
			);
			buildRules = (
			);
			dependencies = (
			);
			name = Dense;
			productName = "Food Weight Calculator";
			productReference = 15D3EE6B230FD97900F97FA6 /* Dense.app */;
			productType = "com.apple.product-type.application";
		};
/* End PBXNativeTarget section */

/* Begin PBXProject section */
		15D3EE63230FD97900F97FA6 /* Project object */ = {
			isa = PBXProject;
			attributes = {
				LastSwiftUpdateCheck = 1420;
				LastUpgradeCheck = 1010;
				ORGANIZATIONNAME = "Joseph Pecoraro";
				TargetAttributes = {
					15D2A1E129C888DD0053F496 = {
						CreatedOnToolsVersion = 14.2;
						TestTargetID = 15D3EE6A230FD97900F97FA6;
					};
					15D3EE6A230FD97900F97FA6 = {
						CreatedOnToolsVersion = 10.1;
					};
				};
			};
			buildConfigurationList = 15D3EE66230FD97900F97FA6 /* Build configuration list for PBXProject "Dense" */;
			compatibilityVersion = "Xcode 9.3";
			developmentRegion = en;
			hasScannedForEncodings = 0;
			knownRegions = (
				en,
				Base,
			);
			mainGroup = 15D3EE62230FD97900F97FA6;
			productRefGroup = 15D3EE6C230FD97900F97FA6 /* Products */;
			projectDirPath = "";
			projectRoot = "";
			targets = (
				15D3EE6A230FD97900F97FA6 /* Dense */,
				15D2A1E129C888DD0053F496 /* DenseTests */,
			);
		};
/* End PBXProject section */

/* Begin PBXResourcesBuildPhase section */
		15D2A1E029C888DD0053F496 /* Resources */ = {
			isa = PBXResourcesBuildPhase;
			buildActionMask = 2147483647;
			files = (
			);
			runOnlyForDeploymentPostprocessing = 0;
		};
		15D3EE69230FD97900F97FA6 /* Resources */ = {
			isa = PBXResourcesBuildPhase;
			buildActionMask = 2147483647;
			files = (
				15D3EE7B230FD97B00F97FA6 /* LaunchScreen.storyboard in Resources */,
				15B21B4E2A02E18900BE11C1 /* Assets.xcassets in Resources */,
			);
			runOnlyForDeploymentPostprocessing = 0;
		};
/* End PBXResourcesBuildPhase section */

/* Begin PBXSourcesBuildPhase section */
		15D2A1DE29C888DD0053F496 /* Sources */ = {
			isa = PBXSourcesBuildPhase;
			buildActionMask = 2147483647;
			files = (
				15D2A1E529C888DD0053F496 /* DenseTests.swift in Sources */,
			);
			runOnlyForDeploymentPostprocessing = 0;
		};
		15D3EE67230FD97900F97FA6 /* Sources */ = {
			isa = PBXSourcesBuildPhase;
			buildActionMask = 2147483647;
			files = (
				15D3EE6F230FD97900F97FA6 /* AppDelegate.swift in Sources */,
				1536E7B729B11C6C00010988 /* Duration.swift in Sources */,
				1520702329DB921C0034E7DE /* ResupplyDaySummary.swift in Sources */,
				1536E7B529B07D0000010988 /* Bundle.swift in Sources */,
				15385A8729AE8894008DA5A1 /* CoordinatorView.swift in Sources */,
				15B21B502A02E1A600BE11C1 /* DebugMenuView.swift in Sources */,
				15D2A1EF29C8C1950053F496 /* DoubleAdaptable.swift in Sources */,
				15D7356629DB515D0071D3FE /* Colors.swift in Sources */,
				15385A9829AFA66E008DA5A1 /* BarcodeButtonPrompt.swift in Sources */,
				1563A2562A003BE300B72687 /* MultiSelectFoodView.swift in Sources */,
				15385A9029AEC8B7008DA5A1 /* AddFoodView.swift in Sources */,
				15B21B4B2A02D6D200BE11C1 /* FileManager.swift in Sources */,
				1536E7BF29B1B30000010988 /* FileDataStore.swift in Sources */,
				1536E7C429B1BCFB00010988 /* DataStore.swift in Sources */,
				1536E7AF29B06D1A00010988 /* JSONEncoder.swift in Sources */,
				15385A9A29AFEB15008DA5A1 /* View.swift in Sources */,
				15A45BFA29DB64AB001693C3 /* FloatingTextField.swift in Sources */,
				1536E7B329B0773200010988 /* OpenFoodFactsAPI.swift in Sources */,
				1536E7B129B06EC100010988 /* JSONDecoder.swift in Sources */,
				15385A7829AE6100008DA5A1 /* ResupplyView.swift in Sources */,
				15385A8E29AEC76C008DA5A1 /* NumberFormatter.swift in Sources */,
				15D2A1DB29B92B960053F496 /* ResupplyViewModel.swift in Sources */,
				15385A7F29AE6E9F008DA5A1 /* FoodViewModel.swift in Sources */,
				1536E7C629B1C04F00010988 /* Products.swift in Sources */,
				15D2A1EC29C8ABB50053F496 /* StringAdaptable.swift in Sources */,
				15D2A1DD29C656CE0053F496 /* Color.swift in Sources */,
				1536E7BD29B1921900010988 /* URLRequest.swift in Sources */,
				15385A9529AF8E2C008DA5A1 /* BarcodeScannerView.swift in Sources */,
				1536E7C129B1B32B00010988 /* Resupply.swift in Sources */,
				15A0D9A329B7A51E0089D8CF /* DummyDataStore.swift in Sources */,
				15385A8929AE8B81008DA5A1 /* ResupplySummaryView.swift in Sources */,
				1536E7BB29B12BEB00010988 /* PaginatedProducts.swift in Sources */,
				15385A8329AE714C008DA5A1 /* FoodCalculator.swift in Sources */,
				15385A8B29AE8BC6008DA5A1 /* ResupplyItemView.swift in Sources */,
				15385A7429AE5B96008DA5A1 /* SceneDelegate.swift in Sources */,
				15532CC329CDEFA400CF1B28 /* NSError.swift in Sources */,
			);
			runOnlyForDeploymentPostprocessing = 0;
		};
/* End PBXSourcesBuildPhase section */

/* Begin PBXTargetDependency section */
		15D2A1E729C888DD0053F496 /* PBXTargetDependency */ = {
			isa = PBXTargetDependency;
			target = 15D3EE6A230FD97900F97FA6 /* Dense */;
			targetProxy = 15D2A1E629C888DD0053F496 /* PBXContainerItemProxy */;
		};
/* End PBXTargetDependency section */

/* Begin PBXVariantGroup section */
		15D3EE79230FD97B00F97FA6 /* LaunchScreen.storyboard */ = {
			isa = PBXVariantGroup;
			children = (
				15D3EE7A230FD97B00F97FA6 /* Base */,
			);
			name = LaunchScreen.storyboard;
			sourceTree = "<group>";
		};
/* End PBXVariantGroup section */

/* Begin XCBuildConfiguration section */
		15D2A1E929C888DD0053F496 /* Debug */ = {
			isa = XCBuildConfiguration;
			buildSettings = {
				BUNDLE_LOADER = "$(TEST_HOST)";
				CLANG_CXX_LANGUAGE_STANDARD = "gnu++20";
				CLANG_WARN_QUOTED_INCLUDE_IN_FRAMEWORK_HEADER = YES;
				CODE_SIGN_STYLE = Automatic;
				CURRENT_PROJECT_VERSION = 4;
				DEVELOPMENT_TEAM = CX87MDXJNH;
				GENERATE_INFOPLIST_FILE = YES;
				MARKETING_VERSION = 1.0;
				PRODUCT_BUNDLE_IDENTIFIER = com.joseph.pecoraro.DenseTests;
				PRODUCT_NAME = "$(TARGET_NAME)";
				SWIFT_EMIT_LOC_STRINGS = NO;
				SWIFT_VERSION = 5.0;
				TARGETED_DEVICE_FAMILY = "1,2";
				TEST_HOST = "$(BUILT_PRODUCTS_DIR)/Dense.app/$(BUNDLE_EXECUTABLE_FOLDER_PATH)/Dense";
			};
			name = Debug;
		};
		15D2A1EA29C888DD0053F496 /* Release */ = {
			isa = XCBuildConfiguration;
			buildSettings = {
				BUNDLE_LOADER = "$(TEST_HOST)";
				CLANG_CXX_LANGUAGE_STANDARD = "gnu++20";
				CLANG_WARN_QUOTED_INCLUDE_IN_FRAMEWORK_HEADER = YES;
				CODE_SIGN_STYLE = Automatic;
				CURRENT_PROJECT_VERSION = 4;
				DEVELOPMENT_TEAM = CX87MDXJNH;
				GENERATE_INFOPLIST_FILE = YES;
				MARKETING_VERSION = 1.0;
				PRODUCT_BUNDLE_IDENTIFIER = com.joseph.pecoraro.DenseTests;
				PRODUCT_NAME = "$(TARGET_NAME)";
				SWIFT_EMIT_LOC_STRINGS = NO;
				SWIFT_VERSION = 5.0;
				TARGETED_DEVICE_FAMILY = "1,2";
				TEST_HOST = "$(BUILT_PRODUCTS_DIR)/Dense.app/$(BUNDLE_EXECUTABLE_FOLDER_PATH)/Dense";
			};
			name = Release;
		};
		15D3EE7D230FD97B00F97FA6 /* Debug */ = {
			isa = XCBuildConfiguration;
			buildSettings = {
				ALWAYS_SEARCH_USER_PATHS = NO;
				CLANG_ANALYZER_NONNULL = YES;
				CLANG_ANALYZER_NUMBER_OBJECT_CONVERSION = YES_AGGRESSIVE;
				CLANG_CXX_LANGUAGE_STANDARD = "gnu++14";
				CLANG_CXX_LIBRARY = "libc++";
				CLANG_ENABLE_MODULES = YES;
				CLANG_ENABLE_OBJC_ARC = YES;
				CLANG_ENABLE_OBJC_WEAK = YES;
				CLANG_WARN_BLOCK_CAPTURE_AUTORELEASING = YES;
				CLANG_WARN_BOOL_CONVERSION = YES;
				CLANG_WARN_COMMA = YES;
				CLANG_WARN_CONSTANT_CONVERSION = YES;
				CLANG_WARN_DEPRECATED_OBJC_IMPLEMENTATIONS = YES;
				CLANG_WARN_DIRECT_OBJC_ISA_USAGE = YES_ERROR;
				CLANG_WARN_DOCUMENTATION_COMMENTS = YES;
				CLANG_WARN_EMPTY_BODY = YES;
				CLANG_WARN_ENUM_CONVERSION = YES;
				CLANG_WARN_INFINITE_RECURSION = YES;
				CLANG_WARN_INT_CONVERSION = YES;
				CLANG_WARN_NON_LITERAL_NULL_CONVERSION = YES;
				CLANG_WARN_OBJC_IMPLICIT_RETAIN_SELF = YES;
				CLANG_WARN_OBJC_LITERAL_CONVERSION = YES;
				CLANG_WARN_OBJC_ROOT_CLASS = YES_ERROR;
				CLANG_WARN_RANGE_LOOP_ANALYSIS = YES;
				CLANG_WARN_STRICT_PROTOTYPES = YES;
				CLANG_WARN_SUSPICIOUS_MOVE = YES;
				CLANG_WARN_UNGUARDED_AVAILABILITY = YES_AGGRESSIVE;
				CLANG_WARN_UNREACHABLE_CODE = YES;
				CLANG_WARN__DUPLICATE_METHOD_MATCH = YES;
				CODE_SIGN_IDENTITY = "iPhone Developer";
				COPY_PHASE_STRIP = NO;
				DEBUG_INFORMATION_FORMAT = dwarf;
				ENABLE_STRICT_OBJC_MSGSEND = YES;
				ENABLE_TESTABILITY = YES;
				GCC_C_LANGUAGE_STANDARD = gnu11;
				GCC_DYNAMIC_NO_PIC = NO;
				GCC_NO_COMMON_BLOCKS = YES;
				GCC_OPTIMIZATION_LEVEL = 0;
				GCC_PREPROCESSOR_DEFINITIONS = (
					"DEBUG=1",
					"$(inherited)",
				);
				GCC_WARN_64_TO_32_BIT_CONVERSION = YES;
				GCC_WARN_ABOUT_RETURN_TYPE = YES_ERROR;
				GCC_WARN_UNDECLARED_SELECTOR = YES;
				GCC_WARN_UNINITIALIZED_AUTOS = YES_AGGRESSIVE;
				GCC_WARN_UNUSED_FUNCTION = YES;
				GCC_WARN_UNUSED_VARIABLE = YES;
				IPHONEOS_DEPLOYMENT_TARGET = 16.0;
				MTL_ENABLE_DEBUG_INFO = INCLUDE_SOURCE;
				MTL_FAST_MATH = YES;
				ONLY_ACTIVE_ARCH = YES;
				SDKROOT = iphoneos;
				SWIFT_ACTIVE_COMPILATION_CONDITIONS = DEBUG;
				SWIFT_OPTIMIZATION_LEVEL = "-Onone";
			};
			name = Debug;
		};
		15D3EE7E230FD97B00F97FA6 /* Release */ = {
			isa = XCBuildConfiguration;
			buildSettings = {
				ALWAYS_SEARCH_USER_PATHS = NO;
				CLANG_ANALYZER_NONNULL = YES;
				CLANG_ANALYZER_NUMBER_OBJECT_CONVERSION = YES_AGGRESSIVE;
				CLANG_CXX_LANGUAGE_STANDARD = "gnu++14";
				CLANG_CXX_LIBRARY = "libc++";
				CLANG_ENABLE_MODULES = YES;
				CLANG_ENABLE_OBJC_ARC = YES;
				CLANG_ENABLE_OBJC_WEAK = YES;
				CLANG_WARN_BLOCK_CAPTURE_AUTORELEASING = YES;
				CLANG_WARN_BOOL_CONVERSION = YES;
				CLANG_WARN_COMMA = YES;
				CLANG_WARN_CONSTANT_CONVERSION = YES;
				CLANG_WARN_DEPRECATED_OBJC_IMPLEMENTATIONS = YES;
				CLANG_WARN_DIRECT_OBJC_ISA_USAGE = YES_ERROR;
				CLANG_WARN_DOCUMENTATION_COMMENTS = YES;
				CLANG_WARN_EMPTY_BODY = YES;
				CLANG_WARN_ENUM_CONVERSION = YES;
				CLANG_WARN_INFINITE_RECURSION = YES;
				CLANG_WARN_INT_CONVERSION = YES;
				CLANG_WARN_NON_LITERAL_NULL_CONVERSION = YES;
				CLANG_WARN_OBJC_IMPLICIT_RETAIN_SELF = YES;
				CLANG_WARN_OBJC_LITERAL_CONVERSION = YES;
				CLANG_WARN_OBJC_ROOT_CLASS = YES_ERROR;
				CLANG_WARN_RANGE_LOOP_ANALYSIS = YES;
				CLANG_WARN_STRICT_PROTOTYPES = YES;
				CLANG_WARN_SUSPICIOUS_MOVE = YES;
				CLANG_WARN_UNGUARDED_AVAILABILITY = YES_AGGRESSIVE;
				CLANG_WARN_UNREACHABLE_CODE = YES;
				CLANG_WARN__DUPLICATE_METHOD_MATCH = YES;
				CODE_SIGN_IDENTITY = "iPhone Developer";
				COPY_PHASE_STRIP = NO;
				DEBUG_INFORMATION_FORMAT = "dwarf-with-dsym";
				ENABLE_NS_ASSERTIONS = NO;
				ENABLE_STRICT_OBJC_MSGSEND = YES;
				GCC_C_LANGUAGE_STANDARD = gnu11;
				GCC_NO_COMMON_BLOCKS = YES;
				GCC_WARN_64_TO_32_BIT_CONVERSION = YES;
				GCC_WARN_ABOUT_RETURN_TYPE = YES_ERROR;
				GCC_WARN_UNDECLARED_SELECTOR = YES;
				GCC_WARN_UNINITIALIZED_AUTOS = YES_AGGRESSIVE;
				GCC_WARN_UNUSED_FUNCTION = YES;
				GCC_WARN_UNUSED_VARIABLE = YES;
				IPHONEOS_DEPLOYMENT_TARGET = 16.0;
				MTL_ENABLE_DEBUG_INFO = NO;
				MTL_FAST_MATH = YES;
				SDKROOT = iphoneos;
				SWIFT_COMPILATION_MODE = wholemodule;
				SWIFT_OPTIMIZATION_LEVEL = "-O";
				VALIDATE_PRODUCT = YES;
			};
			name = Release;
		};
		15D3EE80230FD97B00F97FA6 /* Debug */ = {
			isa = XCBuildConfiguration;
			buildSettings = {
				ASSETCATALOG_COMPILER_APPICON_NAME = AppIcon;
				ASSETCATALOG_COMPILER_INCLUDE_ALL_APPICON_ASSETS = NO;
				CODE_SIGN_STYLE = Automatic;
				CURRENT_PROJECT_VERSION = 4;
				DEVELOPMENT_TEAM = CX87MDXJNH;
				INFOPLIST_FILE = Dense/Info.plist;
				INFOPLIST_KEY_CFBundleDisplayName = "Dense - Calorie Counter";
				INFOPLIST_KEY_LSApplicationCategoryType = "public.app-category.healthcare-fitness";
				LD_RUNPATH_SEARCH_PATHS = (
					"$(inherited)",
					"@executable_path/Frameworks",
				);
				MARKETING_VERSION = 0.2;
				PRODUCT_BUNDLE_IDENTIFIER = "com.josephpecoraro.dense.dense-calorie-counter";
				PRODUCT_NAME = "$(TARGET_NAME)";
				SWIFT_VERSION = 4.2;
				TARGETED_DEVICE_FAMILY = "1,2";
			};
			name = Debug;
		};
		15D3EE81230FD97B00F97FA6 /* Release */ = {
			isa = XCBuildConfiguration;
			buildSettings = {
				ASSETCATALOG_COMPILER_APPICON_NAME = AppIcon;
				ASSETCATALOG_COMPILER_INCLUDE_ALL_APPICON_ASSETS = NO;
				CODE_SIGN_STYLE = Automatic;
				CURRENT_PROJECT_VERSION = 4;
				DEVELOPMENT_TEAM = CX87MDXJNH;
				INFOPLIST_FILE = Dense/Info.plist;
				INFOPLIST_KEY_CFBundleDisplayName = "Dense - Calorie Counter";
				INFOPLIST_KEY_LSApplicationCategoryType = "public.app-category.healthcare-fitness";
				LD_RUNPATH_SEARCH_PATHS = (
					"$(inherited)",
					"@executable_path/Frameworks",
				);
				MARKETING_VERSION = 0.2;
				PRODUCT_BUNDLE_IDENTIFIER = "com.josephpecoraro.dense.dense-calorie-counter";
				PRODUCT_NAME = "$(TARGET_NAME)";
				SWIFT_VERSION = 4.2;
				TARGETED_DEVICE_FAMILY = "1,2";
			};
			name = Release;
		};
/* End XCBuildConfiguration section */

/* Begin XCConfigurationList section */
		15D2A1E829C888DD0053F496 /* Build configuration list for PBXNativeTarget "DenseTests" */ = {
			isa = XCConfigurationList;
			buildConfigurations = (
				15D2A1E929C888DD0053F496 /* Debug */,
				15D2A1EA29C888DD0053F496 /* Release */,
			);
			defaultConfigurationIsVisible = 0;
			defaultConfigurationName = Release;
		};
		15D3EE66230FD97900F97FA6 /* Build configuration list for PBXProject "Dense" */ = {
			isa = XCConfigurationList;
			buildConfigurations = (
				15D3EE7D230FD97B00F97FA6 /* Debug */,
				15D3EE7E230FD97B00F97FA6 /* Release */,
			);
			defaultConfigurationIsVisible = 0;
			defaultConfigurationName = Release;
		};
		15D3EE7F230FD97B00F97FA6 /* Build configuration list for PBXNativeTarget "Dense" */ = {
			isa = XCConfigurationList;
			buildConfigurations = (
				15D3EE80230FD97B00F97FA6 /* Debug */,
				15D3EE81230FD97B00F97FA6 /* Release */,
			);
			defaultConfigurationIsVisible = 0;
			defaultConfigurationName = Release;
		};
/* End XCConfigurationList section */
	};
	rootObject = 15D3EE63230FD97900F97FA6 /* Project object */;
}
